
Microsoft Visual Studio Solution File, Format Version 12.00
Project("{2150E333-8FDC-42A3-9474-1A3956D46DE8}") = "devpacks", "devpacks", "{F4E85A08-C7C7-4820-9BBE-E0059ED6BEA2}"
	ProjectSection(SolutionItems) = preProject
		src\devpacks\Directory.Build.props = src\devpacks\Directory.Build.props
		src\devpacks\Directory.Packages.props = src\devpacks\Directory.Packages.props
	EndProjectSection
EndProject
Project("{2150E333-8FDC-42A3-9474-1A3956D46DE8}") = "services", "services", "{DE650D74-C5B4-4558-B77E-8954AC57FA4F}"
EndProject
Project("{FAE04EC0-301F-11D3-BF4B-00C04F79EFBC}") = "Rommanel.WebAPI", "src\services\Rommanel.WebAPI\Rommanel.WebAPI.csproj", "{B516547F-60DE-4E9E-A9B3-80491760433A}"
EndProject
Project("{2150E333-8FDC-42A3-9474-1A3956D46DE8}") = "Solution Items", "Solution Items", "{BA19B29E-4A61-4981-935B-9CF687C03975}"
	ProjectSection(SolutionItems) = preProject
		compose.yaml = compose.yaml
	EndProjectSection
EndProject
Project("{2150E333-8FDC-42A3-9474-1A3956D46DE8}") = "src", "src", "{43E8153B-48DA-4673-887C-272258F06941}"
EndProject
Project("{FAE04EC0-301F-11D3-BF4B-00C04F79EFBC}") = "Rommanel.AppHost", "src\Rommanel.AppHost\Rommanel.AppHost.csproj", "{BCAD1DE2-182C-4CE5-8A3C-AE7021BB5A7C}"
EndProject
Project("{FAE04EC0-301F-11D3-BF4B-00C04F79EFBC}") = "Rommanel.ServicesShared", "src\Rommanel.ServicesShared\Rommanel.ServicesShared.csproj", "{11AC7887-B9C0-46CD-BB96-837B482A8D0B}"
EndProject
Project("{FAE04EC0-301F-11D3-BF4B-00C04F79EFBC}") = "DevPack.Domain.Abstractions", "src\devpacks\DevPack.Domain.Abstractions\DevPack.Domain.Abstractions.csproj", "{41958C6A-7E3A-49DA-81D1-6F079F73742E}"
EndProject
Project("{FAE04EC0-301F-11D3-BF4B-00C04F79EFBC}") = "DevPack.Domain.Core", "src\devpacks\DevPack.Domain.Core\DevPack.Domain.Core.csproj", "{B7940053-7299-408B-B4FB-6900A6A9D27C}"
EndProject
Project("{FAE04EC0-301F-11D3-BF4B-00C04F79EFBC}") = "DevPack.Core", "src\devpacks\DevPack.Core\DevPack.Core.csproj", "{72E61230-CC80-44C5-BDF6-B2EFCF2C0A71}"
EndProject
Project("{FAE04EC0-301F-11D3-BF4B-00C04F79EFBC}") = "DevPack.Mediator", "src\devpacks\DevPack.Mediator\DevPack.Mediator.csproj", "{52D9734B-7B81-41D6-A263-2A7069DFFA54}"
EndProject
Project("{FAE04EC0-301F-11D3-BF4B-00C04F79EFBC}") = "DevPack.Data.Abstractions", "src\devpacks\DevPack.Data.Abstractions\DevPack.Data.Abstractions.csproj", "{9FAB3FB9-A6DC-4156-AFF2-A1F6DBA018B5}"
EndProject
Project("{FAE04EC0-301F-11D3-BF4B-00C04F79EFBC}") = "Rommanel.Domain", "src\services\Rommanel.Domain\Rommanel.Domain.csproj", "{01931D21-8AC2-41C5-B146-A4ADA81DC030}"
EndProject
Project("{FAE04EC0-301F-11D3-BF4B-00C04F79EFBC}") = "Rommanel.Infrastructure", "src\services\Rommanel.Infrastructure\Rommanel.Infrastructure.csproj", "{A4B75A2D-61C9-4DC6-80A9-4BCA6635C716}"
EndProject
Project("{FAE04EC0-301F-11D3-BF4B-00C04F79EFBC}") = "DevPack.Data.EFCore.Abstractions", "src\devpacks\DevPack.Data.EFCore.Abstractions\DevPack.Data.EFCore.Abstractions.csproj", "{5D4DF633-118D-42BF-9BEE-DBC6923FF280}"
EndProject
Project("{FAE04EC0-301F-11D3-BF4B-00C04F79EFBC}") = "DevPack.Data.EFCore", "src\devpacks\DevPack.Data.EFCore\DevPack.Data.EFCore.csproj", "{9A62EF23-758F-4536-B0BE-4B1864CE4DA6}"
EndProject
Project("{FAE04EC0-301F-11D3-BF4B-00C04F79EFBC}") = "DevPack.Data.EFCore.Extensions", "src\devpacks\DevPack.Data.EFCore.Extensions\DevPack.Data.EFCore.Extensions.csproj", "{9A689578-2065-4A91-81D0-32EF63DEBC16}"
EndProject
Project("{FAE04EC0-301F-11D3-BF4B-00C04F79EFBC}") = "DevPack.Data.EFCore.Outbox", "src\devpacks\DevPack.Data.EFCore.Outbox\DevPack.Data.EFCore.Outbox.csproj", "{2AB30E72-FD4E-41CE-92F4-B0D4A8C5462F}"
EndProject
Project("{FAE04EC0-301F-11D3-BF4B-00C04F79EFBC}") = "Rommanel.Application", "src\services\Rommanel.Application\Rommanel.Application.csproj", "{F6A48F59-33BF-4FCD-8AFC-9CABDFC110CC}"
EndProject
Project("{2150E333-8FDC-42A3-9474-1A3956D46DE8}") = "samples", "samples", "{66AF395C-F655-44EB-A3E8-4AFAA000860D}"
EndProject
Project("{FAE04EC0-301F-11D3-BF4B-00C04F79EFBC}") = "SampleCommand", "src\devpacks\samples\SampleCommand\SampleCommand.csproj", "{D61CF0E1-1582-4AAF-8328-EE044786C649}"
EndProject
Project("{FAE04EC0-301F-11D3-BF4B-00C04F79EFBC}") = "DevPack.Messaging", "src\devpacks\DevPack.Messaging\DevPack.Messaging.csproj", "{7A63A82F-8E37-42B3-BFB2-5BB0EA560D03}"
EndProject
Project("{FAE04EC0-301F-11D3-BF4B-00C04F79EFBC}") = "DevPack.Messaging.Abstractions", "src\devpacks\DevPack.Messaging.Abstractions\DevPack.Messaging.Abstractions.csproj", "{D05CBFAA-2CD0-4C78-85A1-FDACD13CFBD2}"
EndProject
Project("{FAE04EC0-301F-11D3-BF4B-00C04F79EFBC}") = "DevPack.Data.ReadOnly", "src\devpacks\DevPack.Data.ReadOnly\DevPack.Data.ReadOnly.csproj", "{D173F6D4-0380-4DDE-828E-2ECC450DB5CB}"
EndProject
Global
	GlobalSection(SolutionConfigurationPlatforms) = preSolution
		Debug|Any CPU = Debug|Any CPU
		Release|Any CPU = Release|Any CPU
	EndGlobalSection
	GlobalSection(NestedProjects) = preSolution
		{B516547F-60DE-4E9E-A9B3-80491760433A} = {DE650D74-C5B4-4558-B77E-8954AC57FA4F}
		{F4E85A08-C7C7-4820-9BBE-E0059ED6BEA2} = {43E8153B-48DA-4673-887C-272258F06941}
		{DE650D74-C5B4-4558-B77E-8954AC57FA4F} = {43E8153B-48DA-4673-887C-272258F06941}
		{BCAD1DE2-182C-4CE5-8A3C-AE7021BB5A7C} = {43E8153B-48DA-4673-887C-272258F06941}
		{11AC7887-B9C0-46CD-BB96-837B482A8D0B} = {43E8153B-48DA-4673-887C-272258F06941}
		{41958C6A-7E3A-49DA-81D1-6F079F73742E} = {F4E85A08-C7C7-4820-9BBE-E0059ED6BEA2}
		{B7940053-7299-408B-B4FB-6900A6A9D27C} = {F4E85A08-C7C7-4820-9BBE-E0059ED6BEA2}
		{72E61230-CC80-44C5-BDF6-B2EFCF2C0A71} = {F4E85A08-C7C7-4820-9BBE-E0059ED6BEA2}
		{52D9734B-7B81-41D6-A263-2A7069DFFA54} = {F4E85A08-C7C7-4820-9BBE-E0059ED6BEA2}
		{9FAB3FB9-A6DC-4156-AFF2-A1F6DBA018B5} = {F4E85A08-C7C7-4820-9BBE-E0059ED6BEA2}
		{01931D21-8AC2-41C5-B146-A4ADA81DC030} = {DE650D74-C5B4-4558-B77E-8954AC57FA4F}
		{A4B75A2D-61C9-4DC6-80A9-4BCA6635C716} = {DE650D74-C5B4-4558-B77E-8954AC57FA4F}
		{5D4DF633-118D-42BF-9BEE-DBC6923FF280} = {F4E85A08-C7C7-4820-9BBE-E0059ED6BEA2}
		{9A62EF23-758F-4536-B0BE-4B1864CE4DA6} = {F4E85A08-C7C7-4820-9BBE-E0059ED6BEA2}
		{9A689578-2065-4A91-81D0-32EF63DEBC16} = {F4E85A08-C7C7-4820-9BBE-E0059ED6BEA2}
		{2AB30E72-FD4E-41CE-92F4-B0D4A8C5462F} = {F4E85A08-C7C7-4820-9BBE-E0059ED6BEA2}
		{F6A48F59-33BF-4FCD-8AFC-9CABDFC110CC} = {DE650D74-C5B4-4558-B77E-8954AC57FA4F}
		{66AF395C-F655-44EB-A3E8-4AFAA000860D} = {F4E85A08-C7C7-4820-9BBE-E0059ED6BEA2}
		{D61CF0E1-1582-4AAF-8328-EE044786C649} = {66AF395C-F655-44EB-A3E8-4AFAA000860D}
		{7A63A82F-8E37-42B3-BFB2-5BB0EA560D03} = {F4E85A08-C7C7-4820-9BBE-E0059ED6BEA2}
		{D05CBFAA-2CD0-4C78-85A1-FDACD13CFBD2} = {F4E85A08-C7C7-4820-9BBE-E0059ED6BEA2}
		{D173F6D4-0380-4DDE-828E-2ECC450DB5CB} = {F4E85A08-C7C7-4820-9BBE-E0059ED6BEA2}
	EndGlobalSection
	GlobalSection(ProjectConfigurationPlatforms) = postSolution
		{B516547F-60DE-4E9E-A9B3-80491760433A}.Debug|Any CPU.ActiveCfg = Debug|Any CPU
		{B516547F-60DE-4E9E-A9B3-80491760433A}.Debug|Any CPU.Build.0 = Debug|Any CPU
		{B516547F-60DE-4E9E-A9B3-80491760433A}.Release|Any CPU.ActiveCfg = Release|Any CPU
		{B516547F-60DE-4E9E-A9B3-80491760433A}.Release|Any CPU.Build.0 = Release|Any CPU
		{BCAD1DE2-182C-4CE5-8A3C-AE7021BB5A7C}.Debug|Any CPU.ActiveCfg = Debug|Any CPU
		{BCAD1DE2-182C-4CE5-8A3C-AE7021BB5A7C}.Debug|Any CPU.Build.0 = Debug|Any CPU
		{BCAD1DE2-182C-4CE5-8A3C-AE7021BB5A7C}.Release|Any CPU.ActiveCfg = Release|Any CPU
		{BCAD1DE2-182C-4CE5-8A3C-AE7021BB5A7C}.Release|Any CPU.Build.0 = Release|Any CPU
		{11AC7887-B9C0-46CD-BB96-837B482A8D0B}.Debug|Any CPU.ActiveCfg = Debug|Any CPU
		{11AC7887-B9C0-46CD-BB96-837B482A8D0B}.Debug|Any CPU.Build.0 = Debug|Any CPU
		{11AC7887-B9C0-46CD-BB96-837B482A8D0B}.Release|Any CPU.ActiveCfg = Release|Any CPU
		{11AC7887-B9C0-46CD-BB96-837B482A8D0B}.Release|Any CPU.Build.0 = Release|Any CPU
		{41958C6A-7E3A-49DA-81D1-6F079F73742E}.Debug|Any CPU.ActiveCfg = Debug|Any CPU
		{41958C6A-7E3A-49DA-81D1-6F079F73742E}.Debug|Any CPU.Build.0 = Debug|Any CPU
		{41958C6A-7E3A-49DA-81D1-6F079F73742E}.Release|Any CPU.ActiveCfg = Release|Any CPU
		{41958C6A-7E3A-49DA-81D1-6F079F73742E}.Release|Any CPU.Build.0 = Release|Any CPU
		{B7940053-7299-408B-B4FB-6900A6A9D27C}.Debug|Any CPU.ActiveCfg = Debug|Any CPU
		{B7940053-7299-408B-B4FB-6900A6A9D27C}.Debug|Any CPU.Build.0 = Debug|Any CPU
		{B7940053-7299-408B-B4FB-6900A6A9D27C}.Release|Any CPU.ActiveCfg = Release|Any CPU
		{B7940053-7299-408B-B4FB-6900A6A9D27C}.Release|Any CPU.Build.0 = Release|Any CPU
		{72E61230-CC80-44C5-BDF6-B2EFCF2C0A71}.Debug|Any CPU.ActiveCfg = Debug|Any CPU
		{72E61230-CC80-44C5-BDF6-B2EFCF2C0A71}.Debug|Any CPU.Build.0 = Debug|Any CPU
		{72E61230-CC80-44C5-BDF6-B2EFCF2C0A71}.Release|Any CPU.ActiveCfg = Release|Any CPU
		{72E61230-CC80-44C5-BDF6-B2EFCF2C0A71}.Release|Any CPU.Build.0 = Release|Any CPU
		{52D9734B-7B81-41D6-A263-2A7069DFFA54}.Debug|Any CPU.ActiveCfg = Debug|Any CPU
		{52D9734B-7B81-41D6-A263-2A7069DFFA54}.Debug|Any CPU.Build.0 = Debug|Any CPU
		{52D9734B-7B81-41D6-A263-2A7069DFFA54}.Release|Any CPU.ActiveCfg = Release|Any CPU
		{52D9734B-7B81-41D6-A263-2A7069DFFA54}.Release|Any CPU.Build.0 = Release|Any CPU
		{9FAB3FB9-A6DC-4156-AFF2-A1F6DBA018B5}.Debug|Any CPU.ActiveCfg = Debug|Any CPU
		{9FAB3FB9-A6DC-4156-AFF2-A1F6DBA018B5}.Debug|Any CPU.Build.0 = Debug|Any CPU
		{9FAB3FB9-A6DC-4156-AFF2-A1F6DBA018B5}.Release|Any CPU.ActiveCfg = Release|Any CPU
		{9FAB3FB9-A6DC-4156-AFF2-A1F6DBA018B5}.Release|Any CPU.Build.0 = Release|Any CPU
		{01931D21-8AC2-41C5-B146-A4ADA81DC030}.Debug|Any CPU.ActiveCfg = Debug|Any CPU
		{01931D21-8AC2-41C5-B146-A4ADA81DC030}.Debug|Any CPU.Build.0 = Debug|Any CPU
		{01931D21-8AC2-41C5-B146-A4ADA81DC030}.Release|Any CPU.ActiveCfg = Release|Any CPU
		{01931D21-8AC2-41C5-B146-A4ADA81DC030}.Release|Any CPU.Build.0 = Release|Any CPU
		{A4B75A2D-61C9-4DC6-80A9-4BCA6635C716}.Debug|Any CPU.ActiveCfg = Debug|Any CPU
		{A4B75A2D-61C9-4DC6-80A9-4BCA6635C716}.Debug|Any CPU.Build.0 = Debug|Any CPU
		{A4B75A2D-61C9-4DC6-80A9-4BCA6635C716}.Release|Any CPU.ActiveCfg = Release|Any CPU
		{A4B75A2D-61C9-4DC6-80A9-4BCA6635C716}.Release|Any CPU.Build.0 = Release|Any CPU
		{5D4DF633-118D-42BF-9BEE-DBC6923FF280}.Debug|Any CPU.ActiveCfg = Debug|Any CPU
		{5D4DF633-118D-42BF-9BEE-DBC6923FF280}.Debug|Any CPU.Build.0 = Debug|Any CPU
		{5D4DF633-118D-42BF-9BEE-DBC6923FF280}.Release|Any CPU.ActiveCfg = Release|Any CPU
		{5D4DF633-118D-42BF-9BEE-DBC6923FF280}.Release|Any CPU.Build.0 = Release|Any CPU
		{9A62EF23-758F-4536-B0BE-4B1864CE4DA6}.Debug|Any CPU.ActiveCfg = Debug|Any CPU
		{9A62EF23-758F-4536-B0BE-4B1864CE4DA6}.Debug|Any CPU.Build.0 = Debug|Any CPU
		{9A62EF23-758F-4536-B0BE-4B1864CE4DA6}.Release|Any CPU.ActiveCfg = Release|Any CPU
		{9A62EF23-758F-4536-B0BE-4B1864CE4DA6}.Release|Any CPU.Build.0 = Release|Any CPU
		{9A689578-2065-4A91-81D0-32EF63DEBC16}.Debug|Any CPU.ActiveCfg = Debug|Any CPU
		{9A689578-2065-4A91-81D0-32EF63DEBC16}.Debug|Any CPU.Build.0 = Debug|Any CPU
		{9A689578-2065-4A91-81D0-32EF63DEBC16}.Release|Any CPU.ActiveCfg = Release|Any CPU
		{9A689578-2065-4A91-81D0-32EF63DEBC16}.Release|Any CPU.Build.0 = Release|Any CPU
		{2AB30E72-FD4E-41CE-92F4-B0D4A8C5462F}.Debug|Any CPU.ActiveCfg = Debug|Any CPU
		{2AB30E72-FD4E-41CE-92F4-B0D4A8C5462F}.Debug|Any CPU.Build.0 = Debug|Any CPU
		{2AB30E72-FD4E-41CE-92F4-B0D4A8C5462F}.Release|Any CPU.ActiveCfg = Release|Any CPU
		{2AB30E72-FD4E-41CE-92F4-B0D4A8C5462F}.Release|Any CPU.Build.0 = Release|Any CPU
		{F6A48F59-33BF-4FCD-8AFC-9CABDFC110CC}.Debug|Any CPU.ActiveCfg = Debug|Any CPU
		{F6A48F59-33BF-4FCD-8AFC-9CABDFC110CC}.Debug|Any CPU.Build.0 = Debug|Any CPU
		{F6A48F59-33BF-4FCD-8AFC-9CABDFC110CC}.Release|Any CPU.ActiveCfg = Release|Any CPU
		{F6A48F59-33BF-4FCD-8AFC-9CABDFC110CC}.Release|Any CPU.Build.0 = Release|Any CPU
		{D61CF0E1-1582-4AAF-8328-EE044786C649}.Debug|Any CPU.ActiveCfg = Debug|Any CPU
		{D61CF0E1-1582-4AAF-8328-EE044786C649}.Debug|Any CPU.Build.0 = Debug|Any CPU
		{D61CF0E1-1582-4AAF-8328-EE044786C649}.Release|Any CPU.ActiveCfg = Release|Any CPU
		{D61CF0E1-1582-4AAF-8328-EE044786C649}.Release|Any CPU.Build.0 = Release|Any CPU
		{7A63A82F-8E37-42B3-BFB2-5BB0EA560D03}.Debug|Any CPU.ActiveCfg = Debug|Any CPU
		{7A63A82F-8E37-42B3-BFB2-5BB0EA560D03}.Debug|Any CPU.Build.0 = Debug|Any CPU
		{7A63A82F-8E37-42B3-BFB2-5BB0EA560D03}.Release|Any CPU.ActiveCfg = Release|Any CPU
		{7A63A82F-8E37-42B3-BFB2-5BB0EA560D03}.Release|Any CPU.Build.0 = Release|Any CPU
		{D05CBFAA-2CD0-4C78-85A1-FDACD13CFBD2}.Debug|Any CPU.ActiveCfg = Debug|Any CPU
		{D05CBFAA-2CD0-4C78-85A1-FDACD13CFBD2}.Debug|Any CPU.Build.0 = Debug|Any CPU
		{D05CBFAA-2CD0-4C78-85A1-FDACD13CFBD2}.Release|Any CPU.ActiveCfg = Release|Any CPU
		{D05CBFAA-2CD0-4C78-85A1-FDACD13CFBD2}.Release|Any CPU.Build.0 = Release|Any CPU
		{D173F6D4-0380-4DDE-828E-2ECC450DB5CB}.Debug|Any CPU.ActiveCfg = Debug|Any CPU
		{D173F6D4-0380-4DDE-828E-2ECC450DB5CB}.Debug|Any CPU.Build.0 = Debug|Any CPU
		{D173F6D4-0380-4DDE-828E-2ECC450DB5CB}.Release|Any CPU.ActiveCfg = Release|Any CPU
		{D173F6D4-0380-4DDE-828E-2ECC450DB5CB}.Release|Any CPU.Build.0 = Release|Any CPU
	EndGlobalSection
EndGlobal
